// !$*UTF8*$!
{
	archiveVersion = 1;
	classes = {
	};
	objectVersion = 56;
	objects = {

/* Begin PBXBuildFile section */
		AF2457662A1AF38B0054515F /* VCTablaUsers.swift in Sources */ = {isa = PBXBuildFile; fileRef = AF2457652A1AF38B0054515F /* VCTablaUsers.swift */; };
		AF8DBAB22A12D30100FB4AD5 /* AppDelegate.swift in Sources */ = {isa = PBXBuildFile; fileRef = AF8DBAB12A12D30100FB4AD5 /* AppDelegate.swift */; };
		AF8DBAB42A12D30100FB4AD5 /* ViewController.swift in Sources */ = {isa = PBXBuildFile; fileRef = AF8DBAB32A12D30100FB4AD5 /* ViewController.swift */; };
		AF8DBAB62A12D30400FB4AD5 /* Assets.xcassets in Resources */ = {isa = PBXBuildFile; fileRef = AF8DBAB52A12D30400FB4AD5 /* Assets.xcassets */; };
		AF8DBAB92A12D30400FB4AD5 /* Main.storyboard in Resources */ = {isa = PBXBuildFile; fileRef = AF8DBAB72A12D30400FB4AD5 /* Main.storyboard */; };
		AF8DBAC12A12D55800FB4AD5 /* User.swift in Sources */ = {isa = PBXBuildFile; fileRef = AF8DBAC02A12D55800FB4AD5 /* User.swift */; };
		AF8DBAC32A12D6BD00FB4AD5 /* Producto.swift in Sources */ = {isa = PBXBuildFile; fileRef = AF8DBAC22A12D6BD00FB4AD5 /* Producto.swift */; };
		AF8DBAC52A12D78100FB4AD5 /* Compra.swift in Sources */ = {isa = PBXBuildFile; fileRef = AF8DBAC42A12D78100FB4AD5 /* Compra.swift */; };
		AF8DBAC92A12DD6A00FB4AD5 /* VCRegistro.swift in Sources */ = {isa = PBXBuildFile; fileRef = AF8DBAC82A12DD6A00FB4AD5 /* VCRegistro.swift */; };
		AF8DBACB2A1329E800FB4AD5 /* Venta.swift in Sources */ = {isa = PBXBuildFile; fileRef = AF8DBACA2A1329E800FB4AD5 /* Venta.swift */; };
		AF8DBACD2A132E2F00FB4AD5 /* Pedido.swift in Sources */ = {isa = PBXBuildFile; fileRef = AF8DBACC2A132E2F00FB4AD5 /* Pedido.swift */; };
		AF8DBACF2A133B8700FB4AD5 /* LoginController.swift in Sources */ = {isa = PBXBuildFile; fileRef = AF8DBACE2A133B8700FB4AD5 /* LoginController.swift */; };
		AFD564362A19B80700972D51 /* exito.gif in Resources */ = {isa = PBXBuildFile; fileRef = AFD564352A19B80700972D51 /* exito.gif */; };
		AFD564382A19F43700972D51 /* CompraController.swift in Sources */ = {isa = PBXBuildFile; fileRef = AFD564372A19F43700972D51 /* CompraController.swift */; };
		AFD5643A2A19F54000972D51 /* ProductoController.swift in Sources */ = {isa = PBXBuildFile; fileRef = AFD564392A19F54000972D51 /* ProductoController.swift */; };
		AFD5643C2A19F95000972D51 /* VentaController.swift in Sources */ = {isa = PBXBuildFile; fileRef = AFD5643B2A19F95000972D51 /* VentaController.swift */; };
		AFD5643E2A19FAC600972D51 /* PedidoController.swift in Sources */ = {isa = PBXBuildFile; fileRef = AFD5643D2A19FAC600972D51 /* PedidoController.swift */; };
		F55719612A1AF17F00FEA86A /* VCProducto.swift in Sources */ = {isa = PBXBuildFile; fileRef = F5942B512A1ACE5000474F5B /* VCProducto.swift */; };
		F55719632A1AFA0400FEA86A /* VCWelcomeAdmin.swift in Sources */ = {isa = PBXBuildFile; fileRef = F55719622A1AFA0400FEA86A /* VCWelcomeAdmin.swift */; };
		F55719652A1AFABC00FEA86A /* VCWelcomeComprador.swift in Sources */ = {isa = PBXBuildFile; fileRef = F55719642A1AFABC00FEA86A /* VCWelcomeComprador.swift */; };
		F55719672A1AFBA900FEA86A /* VCWelcomeVendedor.swift in Sources */ = {isa = PBXBuildFile; fileRef = F55719662A1AFBA900FEA86A /* VCWelcomeVendedor.swift */; };
		F55719692A1AFC1C00FEA86A /* VCWelcomeCliente.swift in Sources */ = {isa = PBXBuildFile; fileRef = F55719682A1AFC1C00FEA86A /* VCWelcomeCliente.swift */; };
		F557196B2A1AFCF300FEA86A /* VCTablaProductos.swift in Sources */ = {isa = PBXBuildFile; fileRef = F557196A2A1AFCF300FEA86A /* VCTablaProductos.swift */; };
		F557196D2A1AFDC400FEA86A /* VCTablaInventario.swift in Sources */ = {isa = PBXBuildFile; fileRef = F557196C2A1AFDC400FEA86A /* VCTablaInventario.swift */; };
		F557196F2A1AFF1900FEA86A /* VCTablaVenta.swift in Sources */ = {isa = PBXBuildFile; fileRef = F557196E2A1AFF1900FEA86A /* VCTablaVenta.swift */; };
		F55719712A1AFFE300FEA86A /* VCTablaPedidos.swift in Sources */ = {isa = PBXBuildFile; fileRef = F55719702A1AFFE300FEA86A /* VCTablaPedidos.swift */; };
		F55719752A1B181500FEA86A /* VCWelcomeUsuario.swift in Sources */ = {isa = PBXBuildFile; fileRef = F55719742A1B181500FEA86A /* VCWelcomeUsuario.swift */; };
		F5942B562A1AD1A100474F5B /* VCCompra.swift in Sources */ = {isa = PBXBuildFile; fileRef = F5942B552A1AD1A100474F5B /* VCCompra.swift */; };
		F5942B582A1AD2C200474F5B /* VCVenta.swift in Sources */ = {isa = PBXBuildFile; fileRef = F5942B572A1AD2C200474F5B /* VCVenta.swift */; };
		F5942B5A2A1AD45400474F5B /* VCPedido.swift in Sources */ = {isa = PBXBuildFile; fileRef = F5942B592A1AD45400474F5B /* VCPedido.swift */; };
/* End PBXBuildFile section */

/* Begin PBXFileReference section */
		AF2457652A1AF38B0054515F /* VCTablaUsers.swift */ = {isa = PBXFileReference; lastKnownFileType = sourcecode.swift; path = VCTablaUsers.swift; sourceTree = "<group>"; };
		AF8DBAAE2A12D30100FB4AD5 /* examen2p411.app */ = {isa = PBXFileReference; explicitFileType = wrapper.application; includeInIndex = 0; path = examen2p411.app; sourceTree = BUILT_PRODUCTS_DIR; };
		AF8DBAB12A12D30100FB4AD5 /* AppDelegate.swift */ = {isa = PBXFileReference; lastKnownFileType = sourcecode.swift; path = AppDelegate.swift; sourceTree = "<group>"; };
		AF8DBAB32A12D30100FB4AD5 /* ViewController.swift */ = {isa = PBXFileReference; lastKnownFileType = sourcecode.swift; path = ViewController.swift; sourceTree = "<group>"; };
		AF8DBAB52A12D30400FB4AD5 /* Assets.xcassets */ = {isa = PBXFileReference; lastKnownFileType = folder.assetcatalog; path = Assets.xcassets; sourceTree = "<group>"; };
		AF8DBAB82A12D30400FB4AD5 /* Base */ = {isa = PBXFileReference; lastKnownFileType = file.storyboard; name = Base; path = Base.lproj/Main.storyboard; sourceTree = "<group>"; };
		AF8DBABA2A12D30400FB4AD5 /* examen2p411.entitlements */ = {isa = PBXFileReference; lastKnownFileType = text.plist.entitlements; path = examen2p411.entitlements; sourceTree = "<group>"; };
		AF8DBAC02A12D55800FB4AD5 /* User.swift */ = {isa = PBXFileReference; lastKnownFileType = sourcecode.swift; path = User.swift; sourceTree = "<group>"; };
		AF8DBAC22A12D6BD00FB4AD5 /* Producto.swift */ = {isa = PBXFileReference; lastKnownFileType = sourcecode.swift; path = Producto.swift; sourceTree = "<group>"; };
		AF8DBAC42A12D78100FB4AD5 /* Compra.swift */ = {isa = PBXFileReference; lastKnownFileType = sourcecode.swift; path = Compra.swift; sourceTree = "<group>"; };
		AF8DBAC82A12DD6A00FB4AD5 /* VCRegistro.swift */ = {isa = PBXFileReference; lastKnownFileType = sourcecode.swift; path = VCRegistro.swift; sourceTree = "<group>"; };
		AF8DBACA2A1329E800FB4AD5 /* Venta.swift */ = {isa = PBXFileReference; lastKnownFileType = sourcecode.swift; path = Venta.swift; sourceTree = "<group>"; };
		AF8DBACC2A132E2F00FB4AD5 /* Pedido.swift */ = {isa = PBXFileReference; lastKnownFileType = sourcecode.swift; path = Pedido.swift; sourceTree = "<group>"; };
		AF8DBACE2A133B8700FB4AD5 /* LoginController.swift */ = {isa = PBXFileReference; lastKnownFileType = sourcecode.swift; path = LoginController.swift; sourceTree = "<group>"; };
		AFD564352A19B80700972D51 /* exito.gif */ = {isa = PBXFileReference; lastKnownFileType = image.gif; name = exito.gif; path = ../../../../Downloads/exito.gif; sourceTree = "<group>"; };
		AFD564372A19F43700972D51 /* CompraController.swift */ = {isa = PBXFileReference; lastKnownFileType = sourcecode.swift; path = CompraController.swift; sourceTree = "<group>"; };
		AFD564392A19F54000972D51 /* ProductoController.swift */ = {isa = PBXFileReference; lastKnownFileType = sourcecode.swift; path = ProductoController.swift; sourceTree = "<group>"; };
		AFD5643B2A19F95000972D51 /* VentaController.swift */ = {isa = PBXFileReference; lastKnownFileType = sourcecode.swift; path = VentaController.swift; sourceTree = "<group>"; };
		AFD5643D2A19FAC600972D51 /* PedidoController.swift */ = {isa = PBXFileReference; lastKnownFileType = sourcecode.swift; path = PedidoController.swift; sourceTree = "<group>"; };
		F55719622A1AFA0400FEA86A /* VCWelcomeAdmin.swift */ = {isa = PBXFileReference; lastKnownFileType = sourcecode.swift; path = VCWelcomeAdmin.swift; sourceTree = "<group>"; };
		F55719642A1AFABC00FEA86A /* VCWelcomeComprador.swift */ = {isa = PBXFileReference; lastKnownFileType = sourcecode.swift; path = VCWelcomeComprador.swift; sourceTree = "<group>"; };
		F55719662A1AFBA900FEA86A /* VCWelcomeVendedor.swift */ = {isa = PBXFileReference; lastKnownFileType = sourcecode.swift; path = VCWelcomeVendedor.swift; sourceTree = "<group>"; };
		F55719682A1AFC1C00FEA86A /* VCWelcomeCliente.swift */ = {isa = PBXFileReference; lastKnownFileType = sourcecode.swift; path = VCWelcomeCliente.swift; sourceTree = "<group>"; };
		F557196A2A1AFCF300FEA86A /* VCTablaProductos.swift */ = {isa = PBXFileReference; lastKnownFileType = sourcecode.swift; path = VCTablaProductos.swift; sourceTree = "<group>"; };
		F557196C2A1AFDC400FEA86A /* VCTablaInventario.swift */ = {isa = PBXFileReference; lastKnownFileType = sourcecode.swift; path = VCTablaInventario.swift; sourceTree = "<group>"; };
		F557196E2A1AFF1900FEA86A /* VCTablaVenta.swift */ = {isa = PBXFileReference; lastKnownFileType = sourcecode.swift; path = VCTablaVenta.swift; sourceTree = "<group>"; };
		F55719702A1AFFE300FEA86A /* VCTablaPedidos.swift */ = {isa = PBXFileReference; lastKnownFileType = sourcecode.swift; path = VCTablaPedidos.swift; sourceTree = "<group>"; };
		F55719742A1B181500FEA86A /* VCWelcomeUsuario.swift */ = {isa = PBXFileReference; lastKnownFileType = sourcecode.swift; path = VCWelcomeUsuario.swift; sourceTree = "<group>"; };
		F5942B512A1ACE5000474F5B /* VCProducto.swift */ = {isa = PBXFileReference; lastKnownFileType = sourcecode.swift; path = VCProducto.swift; sourceTree = "<group>"; };
		F5942B552A1AD1A100474F5B /* VCCompra.swift */ = {isa = PBXFileReference; lastKnownFileType = sourcecode.swift; path = VCCompra.swift; sourceTree = "<group>"; };
		F5942B572A1AD2C200474F5B /* VCVenta.swift */ = {isa = PBXFileReference; lastKnownFileType = sourcecode.swift; path = VCVenta.swift; sourceTree = "<group>"; };
		F5942B592A1AD45400474F5B /* VCPedido.swift */ = {isa = PBXFileReference; lastKnownFileType = sourcecode.swift; path = VCPedido.swift; sourceTree = "<group>"; };
/* End PBXFileReference section */

/* Begin PBXFrameworksBuildPhase section */
		AF8DBAAB2A12D30100FB4AD5 /* Frameworks */ = {
			isa = PBXFrameworksBuildPhase;
			buildActionMask = 2147483647;
			files = (
			);
			runOnlyForDeploymentPostprocessing = 0;
		};
/* End PBXFrameworksBuildPhase section */

/* Begin PBXGroup section */
		AF8DBAA52A12D30100FB4AD5 = {
			isa = PBXGroup;
			children = (
				AF8DBAB02A12D30100FB4AD5 /* examen2p411 */,
				AF8DBAAF2A12D30100FB4AD5 /* Products */,
			);
			sourceTree = "<group>";
		};
		AF8DBAAF2A12D30100FB4AD5 /* Products */ = {
			isa = PBXGroup;
			children = (
				AF8DBAAE2A12D30100FB4AD5 /* examen2p411.app */,
			);
			name = Products;
			sourceTree = "<group>";
		};
		AF8DBAB02A12D30100FB4AD5 /* examen2p411 */ = {
			isa = PBXGroup;
			children = (
				AF8DBAB12A12D30100FB4AD5 /* AppDelegate.swift */,
				AF8DBAB32A12D30100FB4AD5 /* ViewController.swift */,
				AF8DBAC02A12D55800FB4AD5 /* User.swift */,
				AF8DBACE2A133B8700FB4AD5 /* LoginController.swift */,
				AF8DBAB52A12D30400FB4AD5 /* Assets.xcassets */,
				AF8DBAB72A12D30400FB4AD5 /* Main.storyboard */,
				F55719742A1B181500FEA86A /* VCWelcomeUsuario.swift */,
				AF2457652A1AF38B0054515F /* VCTablaUsers.swift */,
				F55719702A1AFFE300FEA86A /* VCTablaPedidos.swift */,
				F557196E2A1AFF1900FEA86A /* VCTablaVenta.swift */,
				F557196C2A1AFDC400FEA86A /* VCTablaInventario.swift */,
				F557196A2A1AFCF300FEA86A /* VCTablaProductos.swift */,
				F55719682A1AFC1C00FEA86A /* VCWelcomeCliente.swift */,
				F55719662A1AFBA900FEA86A /* VCWelcomeVendedor.swift */,
				F55719642A1AFABC00FEA86A /* VCWelcomeComprador.swift */,
				F55719622A1AFA0400FEA86A /* VCWelcomeAdmin.swift */,
				AF8DBAC82A12DD6A00FB4AD5 /* VCRegistro.swift */,
				AF8DBAC22A12D6BD00FB4AD5 /* Producto.swift */,
				F5942B512A1ACE5000474F5B /* VCProducto.swift */,
				AFD564392A19F54000972D51 /* ProductoController.swift */,
				AF8DBAC42A12D78100FB4AD5 /* Compra.swift */,
				F5942B552A1AD1A100474F5B /* VCCompra.swift */,
				AFD564372A19F43700972D51 /* CompraController.swift */,
				AF8DBACA2A1329E800FB4AD5 /* Venta.swift */,
				F5942B572A1AD2C200474F5B /* VCVenta.swift */,
				AFD5643B2A19F95000972D51 /* VentaController.swift */,
				AF8DBACC2A132E2F00FB4AD5 /* Pedido.swift */,
				F5942B592A1AD45400474F5B /* VCPedido.swift */,
				AFD5643D2A19FAC600972D51 /* PedidoController.swift */,
				AF8DBABA2A12D30400FB4AD5 /* examen2p411.entitlements */,
				AFD564352A19B80700972D51 /* exito.gif */,
			);
			path = examen2p411;
			sourceTree = "<group>";
		};
/* End PBXGroup section */

/* Begin PBXNativeTarget section */
		AF8DBAAD2A12D30100FB4AD5 /* examen2p411 */ = {
			isa = PBXNativeTarget;
			buildConfigurationList = AF8DBABD2A12D30400FB4AD5 /* Build configuration list for PBXNativeTarget "examen2p411" */;
			buildPhases = (
				AF8DBAAA2A12D30100FB4AD5 /* Sources */,
				AF8DBAAB2A12D30100FB4AD5 /* Frameworks */,
				AF8DBAAC2A12D30100FB4AD5 /* Resources */,
			);
			buildRules = (
			);
			dependencies = (
			);
			name = examen2p411;
			productName = examen2p411;
			productReference = AF8DBAAE2A12D30100FB4AD5 /* examen2p411.app */;
			productType = "com.apple.product-type.application";
		};
/* End PBXNativeTarget section */

/* Begin PBXProject section */
		AF8DBAA62A12D30100FB4AD5 /* Project object */ = {
			isa = PBXProject;
			attributes = {
				BuildIndependentTargetsInParallel = 1;
				LastSwiftUpdateCheck = 1420;
				LastUpgradeCheck = 1420;
				TargetAttributes = {
					AF8DBAAD2A12D30100FB4AD5 = {
						CreatedOnToolsVersion = 14.2;
					};
				};
			};
			buildConfigurationList = AF8DBAA92A12D30100FB4AD5 /* Build configuration list for PBXProject "examen2p411" */;
			compatibilityVersion = "Xcode 14.0";
			developmentRegion = en;
			hasScannedForEncodings = 0;
			knownRegions = (
				en,
				Base,
			);
			mainGroup = AF8DBAA52A12D30100FB4AD5;
			productRefGroup = AF8DBAAF2A12D30100FB4AD5 /* Products */;
			projectDirPath = "";
			projectRoot = "";
			targets = (
				AF8DBAAD2A12D30100FB4AD5 /* examen2p411 */,
			);
		};
/* End PBXProject section */

/* Begin PBXResourcesBuildPhase section */
		AF8DBAAC2A12D30100FB4AD5 /* Resources */ = {
			isa = PBXResourcesBuildPhase;
			buildActionMask = 2147483647;
			files = (
				AF8DBAB62A12D30400FB4AD5 /* Assets.xcassets in Resources */,
				AFD564362A19B80700972D51 /* exito.gif in Resources */,
				AF8DBAB92A12D30400FB4AD5 /* Main.storyboard in Resources */,
			);
			runOnlyForDeploymentPostprocessing = 0;
		};
/* End PBXResourcesBuildPhase section */

/* Begin PBXSourcesBuildPhase section */
		AF8DBAAA2A12D30100FB4AD5 /* Sources */ = {
			isa = PBXSourcesBuildPhase;
			buildActionMask = 2147483647;
			files = (
				F5942B5A2A1AD45400474F5B /* VCPedido.swift in Sources */,
				AF8DBAC52A12D78100FB4AD5 /* Compra.swift in Sources */,
				AF2457662A1AF38B0054515F /* VCTablaUsers.swift in Sources */,
				F557196D2A1AFDC400FEA86A /* VCTablaInventario.swift in Sources */,
				F55719672A1AFBA900FEA86A /* VCWelcomeVendedor.swift in Sources */,
				AFD564382A19F43700972D51 /* CompraController.swift in Sources */,
				F5942B562A1AD1A100474F5B /* VCCompra.swift in Sources */,
				AF8DBACB2A1329E800FB4AD5 /* Venta.swift in Sources */,
				AF8DBAB42A12D30100FB4AD5 /* ViewController.swift in Sources */,
				F55719652A1AFABC00FEA86A /* VCWelcomeComprador.swift in Sources */,
				AFD5643A2A19F54000972D51 /* ProductoController.swift in Sources */,
				AF8DBAC32A12D6BD00FB4AD5 /* Producto.swift in Sources */,
				F55719612A1AF17F00FEA86A /* VCProducto.swift in Sources */,
				AF8DBACF2A133B8700FB4AD5 /* LoginController.swift in Sources */,
				AFD5643E2A19FAC600972D51 /* PedidoController.swift in Sources */,
				AF8DBACD2A132E2F00FB4AD5 /* Pedido.swift in Sources */,
				AF8DBAB22A12D30100FB4AD5 /* AppDelegate.swift in Sources */,
				F557196F2A1AFF1900FEA86A /* VCTablaVenta.swift in Sources */,
				F557196B2A1AFCF300FEA86A /* VCTablaProductos.swift in Sources */,
				F55719632A1AFA0400FEA86A /* VCWelcomeAdmin.swift in Sources */,
				F55719712A1AFFE300FEA86A /* VCTablaPedidos.swift in Sources */,
				F55719692A1AFC1C00FEA86A /* VCWelcomeCliente.swift in Sources */,
				AF8DBAC12A12D55800FB4AD5 /* User.swift in Sources */,
				AFD5643C2A19F95000972D51 /* VentaController.swift in Sources */,
				F55719752A1B181500FEA86A /* VCWelcomeUsuario.swift in Sources */,
				AF8DBAC92A12DD6A00FB4AD5 /* VCRegistro.swift in Sources */,
				F5942B582A1AD2C200474F5B /* VCVenta.swift in Sources */,
			);
			runOnlyForDeploymentPostprocessing = 0;
		};
/* End PBXSourcesBuildPhase section */

/* Begin PBXVariantGroup section */
		AF8DBAB72A12D30400FB4AD5 /* Main.storyboard */ = {
			isa = PBXVariantGroup;
			children = (
				AF8DBAB82A12D30400FB4AD5 /* Base */,
			);
			name = Main.storyboard;
			sourceTree = "<group>";
		};
/* End PBXVariantGroup section */

/* Begin XCBuildConfiguration section */
		AF8DBABB2A12D30400FB4AD5 /* Debug */ = {
			isa = XCBuildConfiguration;
			buildSettings = {
				ALWAYS_SEARCH_USER_PATHS = NO;
				CLANG_ANALYZER_NONNULL = YES;
				CLANG_ANALYZER_NUMBER_OBJECT_CONVERSION = YES_AGGRESSIVE;
				CLANG_CXX_LANGUAGE_STANDARD = "gnu++20";
				CLANG_ENABLE_MODULES = YES;
				CLANG_ENABLE_OBJC_ARC = YES;
				CLANG_ENABLE_OBJC_WEAK = YES;
				CLANG_WARN_BLOCK_CAPTURE_AUTORELEASING = YES;
				CLANG_WARN_BOOL_CONVERSION = YES;
				CLANG_WARN_COMMA = YES;
				CLANG_WARN_CONSTANT_CONVERSION = YES;
				CLANG_WARN_DEPRECATED_OBJC_IMPLEMENTATIONS = YES;
				CLANG_WARN_DIRECT_OBJC_ISA_USAGE = YES_ERROR;
				CLANG_WARN_DOCUMENTATION_COMMENTS = YES;
				CLANG_WARN_EMPTY_BODY = YES;
				CLANG_WARN_ENUM_CONVERSION = YES;
				CLANG_WARN_INFINITE_RECURSION = YES;
				CLANG_WARN_INT_CONVERSION = YES;
				CLANG_WARN_NON_LITERAL_NULL_CONVERSION = YES;
				CLANG_WARN_OBJC_IMPLICIT_RETAIN_SELF = YES;
				CLANG_WARN_OBJC_LITERAL_CONVERSION = YES;
				CLANG_WARN_OBJC_ROOT_CLASS = YES_ERROR;
				CLANG_WARN_QUOTED_INCLUDE_IN_FRAMEWORK_HEADER = YES;
				CLANG_WARN_RANGE_LOOP_ANALYSIS = YES;
				CLANG_WARN_STRICT_PROTOTYPES = YES;
				CLANG_WARN_SUSPICIOUS_MOVE = YES;
				CLANG_WARN_UNGUARDED_AVAILABILITY = YES_AGGRESSIVE;
				CLANG_WARN_UNREACHABLE_CODE = YES;
				CLANG_WARN__DUPLICATE_METHOD_MATCH = YES;
				COPY_PHASE_STRIP = NO;
				DEBUG_INFORMATION_FORMAT = dwarf;
				ENABLE_STRICT_OBJC_MSGSEND = YES;
				ENABLE_TESTABILITY = YES;
				GCC_C_LANGUAGE_STANDARD = gnu11;
				GCC_DYNAMIC_NO_PIC = NO;
				GCC_NO_COMMON_BLOCKS = YES;
				GCC_OPTIMIZATION_LEVEL = 0;
				GCC_PREPROCESSOR_DEFINITIONS = (
					"DEBUG=1",
					"$(inherited)",
				);
				GCC_WARN_64_TO_32_BIT_CONVERSION = YES;
				GCC_WARN_ABOUT_RETURN_TYPE = YES_ERROR;
				GCC_WARN_UNDECLARED_SELECTOR = YES;
				GCC_WARN_UNINITIALIZED_AUTOS = YES_AGGRESSIVE;
				GCC_WARN_UNUSED_FUNCTION = YES;
				GCC_WARN_UNUSED_VARIABLE = YES;
				MACOSX_DEPLOYMENT_TARGET = 13.1;
				MTL_ENABLE_DEBUG_INFO = INCLUDE_SOURCE;
				MTL_FAST_MATH = YES;
				ONLY_ACTIVE_ARCH = YES;
				SDKROOT = macosx;
				SWIFT_ACTIVE_COMPILATION_CONDITIONS = DEBUG;
				SWIFT_OPTIMIZATION_LEVEL = "-Onone";
			};
			name = Debug;
		};
		AF8DBABC2A12D30400FB4AD5 /* Release */ = {
			isa = XCBuildConfiguration;
			buildSettings = {
				ALWAYS_SEARCH_USER_PATHS = NO;
				CLANG_ANALYZER_NONNULL = YES;
				CLANG_ANALYZER_NUMBER_OBJECT_CONVERSION = YES_AGGRESSIVE;
				CLANG_CXX_LANGUAGE_STANDARD = "gnu++20";
				CLANG_ENABLE_MODULES = YES;
				CLANG_ENABLE_OBJC_ARC = YES;
				CLANG_ENABLE_OBJC_WEAK = YES;
				CLANG_WARN_BLOCK_CAPTURE_AUTORELEASING = YES;
				CLANG_WARN_BOOL_CONVERSION = YES;
				CLANG_WARN_COMMA = YES;
				CLANG_WARN_CONSTANT_CONVERSION = YES;
				CLANG_WARN_DEPRECATED_OBJC_IMPLEMENTATIONS = YES;
				CLANG_WARN_DIRECT_OBJC_ISA_USAGE = YES_ERROR;
				CLANG_WARN_DOCUMENTATION_COMMENTS = YES;
				CLANG_WARN_EMPTY_BODY = YES;
				CLANG_WARN_ENUM_CONVERSION = YES;
				CLANG_WARN_INFINITE_RECURSION = YES;
				CLANG_WARN_INT_CONVERSION = YES;
				CLANG_WARN_NON_LITERAL_NULL_CONVERSION = YES;
				CLANG_WARN_OBJC_IMPLICIT_RETAIN_SELF = YES;
				CLANG_WARN_OBJC_LITERAL_CONVERSION = YES;
				CLANG_WARN_OBJC_ROOT_CLASS = YES_ERROR;
				CLANG_WARN_QUOTED_INCLUDE_IN_FRAMEWORK_HEADER = YES;
				CLANG_WARN_RANGE_LOOP_ANALYSIS = YES;
				CLANG_WARN_STRICT_PROTOTYPES = YES;
				CLANG_WARN_SUSPICIOUS_MOVE = YES;
				CLANG_WARN_UNGUARDED_AVAILABILITY = YES_AGGRESSIVE;
				CLANG_WARN_UNREACHABLE_CODE = YES;
				CLANG_WARN__DUPLICATE_METHOD_MATCH = YES;
				COPY_PHASE_STRIP = NO;
				DEBUG_INFORMATION_FORMAT = "dwarf-with-dsym";
				ENABLE_NS_ASSERTIONS = NO;
				ENABLE_STRICT_OBJC_MSGSEND = YES;
				GCC_C_LANGUAGE_STANDARD = gnu11;
				GCC_NO_COMMON_BLOCKS = YES;
				GCC_WARN_64_TO_32_BIT_CONVERSION = YES;
				GCC_WARN_ABOUT_RETURN_TYPE = YES_ERROR;
				GCC_WARN_UNDECLARED_SELECTOR = YES;
				GCC_WARN_UNINITIALIZED_AUTOS = YES_AGGRESSIVE;
				GCC_WARN_UNUSED_FUNCTION = YES;
				GCC_WARN_UNUSED_VARIABLE = YES;
				MACOSX_DEPLOYMENT_TARGET = 13.1;
				MTL_ENABLE_DEBUG_INFO = NO;
				MTL_FAST_MATH = YES;
				SDKROOT = macosx;
				SWIFT_COMPILATION_MODE = wholemodule;
				SWIFT_OPTIMIZATION_LEVEL = "-O";
			};
			name = Release;
		};
		AF8DBABE2A12D30400FB4AD5 /* Debug */ = {
			isa = XCBuildConfiguration;
			buildSettings = {
				ASSETCATALOG_COMPILER_APPICON_NAME = AppIcon;
				ASSETCATALOG_COMPILER_GLOBAL_ACCENT_COLOR_NAME = AccentColor;
				CODE_SIGN_ENTITLEMENTS = examen2p411/examen2p411.entitlements;
				CODE_SIGN_STYLE = Automatic;
				COMBINE_HIDPI_IMAGES = YES;
				CURRENT_PROJECT_VERSION = 1;
				GENERATE_INFOPLIST_FILE = YES;
				INFOPLIST_KEY_NSHumanReadableCopyright = "";
				INFOPLIST_KEY_NSMainStoryboardFile = Main;
				INFOPLIST_KEY_NSPrincipalClass = NSApplication;
				LD_RUNPATH_SEARCH_PATHS = (
					"$(inherited)",
					"@executable_path/../Frameworks",
				);
				MARKETING_VERSION = 1.0;
				PRODUCT_BUNDLE_IDENTIFIER = cris.org.examen2p411;
				PRODUCT_NAME = "$(TARGET_NAME)";
				SWIFT_EMIT_LOC_STRINGS = YES;
				SWIFT_VERSION = 5.0;
			};
			name = Debug;
		};
		AF8DBABF2A12D30400FB4AD5 /* Release */ = {
			isa = XCBuildConfiguration;
			buildSettings = {
				ASSETCATALOG_COMPILER_APPICON_NAME = AppIcon;
				ASSETCATALOG_COMPILER_GLOBAL_ACCENT_COLOR_NAME = AccentColor;
				CODE_SIGN_ENTITLEMENTS = examen2p411/examen2p411.entitlements;
				CODE_SIGN_STYLE = Automatic;
				COMBINE_HIDPI_IMAGES = YES;
				CURRENT_PROJECT_VERSION = 1;
				GENERATE_INFOPLIST_FILE = YES;
				INFOPLIST_KEY_NSHumanReadableCopyright = "";
				INFOPLIST_KEY_NSMainStoryboardFile = Main;
				INFOPLIST_KEY_NSPrincipalClass = NSApplication;
				LD_RUNPATH_SEARCH_PATHS = (
					"$(inherited)",
					"@executable_path/../Frameworks",
				);
				MARKETING_VERSION = 1.0;
				PRODUCT_BUNDLE_IDENTIFIER = cris.org.examen2p411;
				PRODUCT_NAME = "$(TARGET_NAME)";
				SWIFT_EMIT_LOC_STRINGS = YES;
				SWIFT_VERSION = 5.0;
			};
			name = Release;
		};
/* End XCBuildConfiguration section */

/* Begin XCConfigurationList section */
		AF8DBAA92A12D30100FB4AD5 /* Build configuration list for PBXProject "examen2p411" */ = {
			isa = XCConfigurationList;
			buildConfigurations = (
				AF8DBABB2A12D30400FB4AD5 /* Debug */,
				AF8DBABC2A12D30400FB4AD5 /* Release */,
			);
			defaultConfigurationIsVisible = 0;
			defaultConfigurationName = Release;
		};
		AF8DBABD2A12D30400FB4AD5 /* Build configuration list for PBXNativeTarget "examen2p411" */ = {
			isa = XCConfigurationList;
			buildConfigurations = (
				AF8DBABE2A12D30400FB4AD5 /* Debug */,
				AF8DBABF2A12D30400FB4AD5 /* Release */,
			);
			defaultConfigurationIsVisible = 0;
			defaultConfigurationName = Release;
		};
/* End XCConfigurationList section */
	};
	rootObject = AF8DBAA62A12D30100FB4AD5 /* Project object */;
}
